
Microsoft Visual Studio Solution File, Format Version 12.00
# Visual Studio Version 17
VisualStudioVersion = 17.13.35825.156 d17.13
MinimumVisualStudioVersion = 10.0.40219.1
Project("{FAE04EC0-301F-11D3-BF4B-00C04F79EFBC}") = "Task 2 (C# Basics and OOP)", "Task 2 (C# Basics and OOP).csproj", "{C54F94F1-B5C0-4BDF-8554-7AC81540CCE1}"
EndProject
Global
	GlobalSection(SolutionConfigurationPlatforms) = preSolution
		Debug|Any CPU = Debug|Any CPU
		Release|Any CPU = Release|Any CPU
	EndGlobalSection
	GlobalSection(ProjectConfigurationPlatforms) = postSolution
		{C54F94F1-B5C0-4BDF-8554-7AC81540CCE1}.Debug|Any CPU.ActiveCfg = Debug|Any CPU
		{C54F94F1-B5C0-4BDF-8554-7AC81540CCE1}.Debug|Any CPU.Build.0 = Debug|Any CPU
		{C54F94F1-B5C0-4BDF-8554-7AC81540CCE1}.Release|Any CPU.ActiveCfg = Release|Any CPU
		{C54F94F1-B5C0-4BDF-8554-7AC81540CCE1}.Release|Any CPU.Build.0 = Release|Any CPU
	EndGlobalSection
	GlobalSection(SolutionProperties) = preSolution
		HideSolutionNode = FALSE
	EndGlobalSection
	GlobalSection(ExtensibilityGlobals) = postSolution
		SolutionGuid = {7C5AE882-06C8-4A06-B611-78BC4D7EB73D}
	EndGlobalSection
EndGlobal
